Microsoft Visual Studio Solution File, Format Version 12.00
# Visual Studio Version 17
VisualStudioVersion = 17.5.2.0
MinimumVisualStudioVersion = 10.0.40219.1
Project("{FAE04EC0-301F-11D3-BF4B-00C04F79EFBC}") = "ADScanner", "scanner\ADScanner.csproj", "{90985C15-9F30-0611-78B8-442B2552028A}"
EndProject
Global
	GlobalSection(SolutionConfigurationPlatforms) = preSolution
		Debug|Any CPU = Debug|Any CPU
		Release|Any CPU = Release|Any CPU
	EndGlobalSection
	GlobalSection(ProjectConfigurationPlatforms) = postSolution
		{90985C15-9F30-0611-78B8-442B2552028A}.Debug|Any CPU.ActiveCfg = Debug|Any CPU
		{90985C15-9F30-0611-78B8-442B2552028A}.Debug|Any CPU.Build.0 = Debug|Any CPU
		{90985C15-9F30-0611-78B8-442B2552028A}.Release|Any CPU.ActiveCfg = Release|Any CPU
		{90985C15-9F30-0611-78B8-442B2552028A}.Release|Any CPU.Build.0 = Release|Any CPU
	EndGlobalSection
	GlobalSection(SolutionProperties) = preSolution
		HideSolutionNode = FALSE
	EndGlobalSection
	GlobalSection(ExtensibilityGlobals) = postSolution
		SolutionGuid = {0C731A9E-F4B6-4CCD-9640-F685516E5F93}
	EndGlobalSection
EndGlobal
